// !$*UTF8*$!
{
	archiveVersion = 1;
	classes = {
	};
	objectVersion = 50;
	objects = {

/* Begin PBXBuildFile section */
		6D6E1DE9211AA7F60021D705 /* AppDelegate.swift in Sources */ = {isa = PBXBuildFile; fileRef = 6D6E1DE8211AA7F60021D705 /* AppDelegate.swift */; };
		6D6E1DEB211AA7F60021D705 /* ViewController.swift in Sources */ = {isa = PBXBuildFile; fileRef = 6D6E1DEA211AA7F60021D705 /* ViewController.swift */; };
		6D6E1DEE211AA7F60021D705 /* Main.storyboard in Resources */ = {isa = PBXBuildFile; fileRef = 6D6E1DEC211AA7F60021D705 /* Main.storyboard */; };
		6D6E1DF0211AA7F80021D705 /* Assets.xcassets in Resources */ = {isa = PBXBuildFile; fileRef = 6D6E1DEF211AA7F80021D705 /* Assets.xcassets */; };
		6D6E1DF3211AA7F80021D705 /* LaunchScreen.storyboard in Resources */ = {isa = PBXBuildFile; fileRef = 6D6E1DF1211AA7F80021D705 /* LaunchScreen.storyboard */; };
		6D6E1DFB211AA9270021D705 /* ChildViewController.swift in Sources */ = {isa = PBXBuildFile; fileRef = 6D6E1DFA211AA9270021D705 /* ChildViewController.swift */; };
		6D6E1DFD211AB6440021D705 /* GrandChildViewController.swift in Sources */ = {isa = PBXBuildFile; fileRef = 6D6E1DFC211AB6440021D705 /* GrandChildViewController.swift */; };
/* End PBXBuildFile section */

/* Begin PBXFileReference section */
		6D6E1DE5211AA7F60021D705 /* ContainerViewController.app */ = {isa = PBXFileReference; explicitFileType = wrapper.application; includeInIndex = 0; path = ContainerViewController.app; sourceTree = BUILT_PRODUCTS_DIR; };
		6D6E1DE8211AA7F60021D705 /* AppDelegate.swift */ = {isa = PBXFileReference; lastKnownFileType = sourcecode.swift; path = AppDelegate.swift; sourceTree = "<group>"; };
		6D6E1DEA211AA7F60021D705 /* ViewController.swift */ = {isa = PBXFileReference; lastKnownFileType = sourcecode.swift; path = ViewController.swift; sourceTree = "<group>"; };
		6D6E1DED211AA7F60021D705 /* Base */ = {isa = PBXFileReference; lastKnownFileType = file.storyboard; name = Base; path = Base.lproj/Main.storyboard; sourceTree = "<group>"; };
		6D6E1DEF211AA7F80021D705 /* Assets.xcassets */ = {isa = PBXFileReference; lastKnownFileType = folder.assetcatalog; path = Assets.xcassets; sourceTree = "<group>"; };
		6D6E1DF2211AA7F80021D705 /* Base */ = {isa = PBXFileReference; lastKnownFileType = file.storyboard; name = Base; path = Base.lproj/LaunchScreen.storyboard; sourceTree = "<group>"; };
		6D6E1DF4211AA7F80021D705 /* Info.plist */ = {isa = PBXFileReference; lastKnownFileType = text.plist.xml; path = Info.plist; sourceTree = "<group>"; };
		6D6E1DFA211AA9270021D705 /* ChildViewController.swift */ = {isa = PBXFileReference; lastKnownFileType = sourcecode.swift; path = ChildViewController.swift; sourceTree = "<group>"; };
		6D6E1DFC211AB6440021D705 /* GrandChildViewController.swift */ = {isa = PBXFileReference; lastKnownFileType = sourcecode.swift; path = GrandChildViewController.swift; sourceTree = "<group>"; };
/* End PBXFileReference section */

/* Begin PBXFrameworksBuildPhase section */
		6D6E1DE2211AA7F60021D705 /* Frameworks */ = {
			isa = PBXFrameworksBuildPhase;
			buildActionMask = 2147483647;
			files = (
			);
			runOnlyForDeploymentPostprocessing = 0;
		};
/* End PBXFrameworksBuildPhase section */

/* Begin PBXGroup section */
		6D6E1DDC211AA7F60021D705 = {
			isa = PBXGroup;
			children = (
				6D6E1DE7211AA7F60021D705 /* ContainerViewController */,
				6D6E1DE6211AA7F60021D705 /* Products */,
			);
			sourceTree = "<group>";
		};
		6D6E1DE6211AA7F60021D705 /* Products */ = {
			isa = PBXGroup;
			children = (
				6D6E1DE5211AA7F60021D705 /* ContainerViewController.app */,
			);
			name = Products;
			sourceTree = "<group>";
		};
		6D6E1DE7211AA7F60021D705 /* ContainerViewController */ = {
			isa = PBXGroup;
			children = (
				6D6E1DE8211AA7F60021D705 /* AppDelegate.swift */,
				6D6E1DEA211AA7F60021D705 /* ViewController.swift */,
				6D6E1DFA211AA9270021D705 /* ChildViewController.swift */,
				6D6E1DFC211AB6440021D705 /* GrandChildViewController.swift */,
				6D6E1DEC211AA7F60021D705 /* Main.storyboard */,
				6D6E1DEF211AA7F80021D705 /* Assets.xcassets */,
				6D6E1DF1211AA7F80021D705 /* LaunchScreen.storyboard */,
				6D6E1DF4211AA7F80021D705 /* Info.plist */,
			);
			path = ContainerViewController;
			sourceTree = "<group>";
		};
/* End PBXGroup section */

/* Begin PBXNativeTarget section */
		6D6E1DE4211AA7F60021D705 /* ContainerViewController */ = {
			isa = PBXNativeTarget;
			buildConfigurationList = 6D6E1DF7211AA7F80021D705 /* Build configuration list for PBXNativeTarget "ContainerViewController" */;
			buildPhases = (
				6D6E1DE1211AA7F60021D705 /* Sources */,
				6D6E1DE2211AA7F60021D705 /* Frameworks */,
				6D6E1DE3211AA7F60021D705 /* Resources */,
			);
			buildRules = (
			);
			dependencies = (
			);
			name = ContainerViewController;
			productName = ContainerViewController;
			productReference = 6D6E1DE5211AA7F60021D705 /* ContainerViewController.app */;
			productType = "com.apple.product-type.application";
		};
/* End PBXNativeTarget section */

/* Begin PBXProject section */
		6D6E1DDD211AA7F60021D705 /* Project object */ = {
			isa = PBXProject;
			attributes = {
				LastSwiftUpdateCheck = 0940;
				LastUpgradeCheck = 0940;
				ORGANIZATIONNAME = "Takehiro Kaneko";
				TargetAttributes = {
					6D6E1DE4211AA7F60021D705 = {
						CreatedOnToolsVersion = 9.4.1;
					};
				};
			};
			buildConfigurationList = 6D6E1DE0211AA7F60021D705 /* Build configuration list for PBXProject "ContainerViewController" */;
			compatibilityVersion = "Xcode 9.3";
			developmentRegion = en;
			hasScannedForEncodings = 0;
			knownRegions = (
				en,
				Base,
			);
			mainGroup = 6D6E1DDC211AA7F60021D705;
			productRefGroup = 6D6E1DE6211AA7F60021D705 /* Products */;
			projectDirPath = "";
			projectRoot = "";
			targets = (
				6D6E1DE4211AA7F60021D705 /* ContainerViewController */,
			);
		};
/* End PBXProject section */

/* Begin PBXResourcesBuildPhase section */
		6D6E1DE3211AA7F60021D705 /* Resources */ = {
			isa = PBXResourcesBuildPhase;
			buildActionMask = 2147483647;
			files = (
				6D6E1DF3211AA7F80021D705 /* LaunchScreen.storyboard in Resources */,
				6D6E1DF0211AA7F80021D705 /* Assets.xcassets in Resources */,
				6D6E1DEE211AA7F60021D705 /* Main.storyboard in Resources */,
			);
			runOnlyForDeploymentPostprocessing = 0;
		};
/* End PBXResourcesBuildPhase section */

/* Begin PBXSourcesBuildPhase section */
		6D6E1DE1211AA7F60021D705 /* Sources */ = {
			isa = PBXSourcesBuildPhase;
			buildActionMask = 2147483647;
			files = (
				6D6E1DFD211AB6440021D705 /* GrandChildViewController.swift in Sources */,
				6D6E1DEB211AA7F60021D705 /* ViewController.swift in Sources */,
				6D6E1DE9211AA7F60021D705 /* AppDelegate.swift in Sources */,
				6D6E1DFB211AA9270021D705 /* ChildViewController.swift in Sources */,
			);
			runOnlyForDeploymentPostprocessing = 0;
		};
/* End PBXSourcesBuildPhase section */

/* Begin PBXVariantGroup section */
		6D6E1DEC211AA7F60021D705 /* Main.storyboard */ = {
			isa = PBXVariantGroup;
			children = (
				6D6E1DED211AA7F60021D705 /* Base */,
			);
			name = Main.storyboard;
			sourceTree = "<group>";
		};
		6D6E1DF1211AA7F80021D705 /* LaunchScreen.storyboard */ = {
			isa = PBXVariantGroup;
			children = (
				6D6E1DF2211AA7F80021D705 /* Base */,
			);
			name = LaunchScreen.storyboard;
			sourceTree = "<group>";
		};
/* End PBXVariantGroup section */

/* Begin XCBuildConfiguration section */
		6D6E1DF5211AA7F80021D705 /* Debug */ = {
			isa = XCBuildConfiguration;
			buildSettings = {
				ALWAYS_SEARCH_USER_PATHS = NO;
				CLANG_ANALYZER_NONNULL = YES;
				CLANG_ANALYZER_NUMBER_OBJECT_CONVERSION = YES_AGGRESSIVE;
				CLANG_CXX_LANGUAGE_STANDARD = "gnu++14";
				CLANG_CXX_LIBRARY = "libc++";
				CLANG_ENABLE_MODULES = YES;
				CLANG_ENABLE_OBJC_ARC = YES;
				CLANG_ENABLE_OBJC_WEAK = YES;
				CLANG_WARN_BLOCK_CAPTURE_AUTORELEASING = YES;
				CLANG_WARN_BOOL_CONVERSION = YES;
				CLANG_WARN_COMMA = YES;
				CLANG_WARN_CONSTANT_CONVERSION = YES;
				CLANG_WARN_DEPRECATED_OBJC_IMPLEMENTATIONS = YES;
				CLANG_WARN_DIRECT_OBJC_ISA_USAGE = YES_ERROR;
				CLANG_WARN_DOCUMENTATION_COMMENTS = YES;
				CLANG_WARN_EMPTY_BODY = YES;
				CLANG_WARN_ENUM_CONVERSION = YES;
				CLANG_WARN_INFINITE_RECURSION = YES;
				CLANG_WARN_INT_CONVERSION = YES;
				CLANG_WARN_NON_LITERAL_NULL_CONVERSION = YES;
				CLANG_WARN_OBJC_IMPLICIT_RETAIN_SELF = YES;
				CLANG_WARN_OBJC_LITERAL_CONVERSION = YES;
				CLANG_WARN_OBJC_ROOT_CLASS = YES_ERROR;
				CLANG_WARN_RANGE_LOOP_ANALYSIS = YES;
				CLANG_WARN_STRICT_PROTOTYPES = YES;
				CLANG_WARN_SUSPICIOUS_MOVE = YES;
				CLANG_WARN_UNGUARDED_AVAILABILITY = YES_AGGRESSIVE;
				CLANG_WARN_UNREACHABLE_CODE = YES;
				CLANG_WARN__DUPLICATE_METHOD_MATCH = YES;
				CODE_SIGN_IDENTITY = "iPhone Developer";
				COPY_PHASE_STRIP = NO;
				DEBUG_INFORMATION_FORMAT = dwarf;
				ENABLE_STRICT_OBJC_MSGSEND = YES;
				ENABLE_TESTABILITY = YES;
				GCC_C_LANGUAGE_STANDARD = gnu11;
				GCC_DYNAMIC_NO_PIC = NO;
				GCC_NO_COMMON_BLOCKS = YES;
				GCC_OPTIMIZATION_LEVEL = 0;
				GCC_PREPROCESSOR_DEFINITIONS = (
					"DEBUG=1",
					"$(inherited)",
				);
				GCC_WARN_64_TO_32_BIT_CONVERSION = YES;
				GCC_WARN_ABOUT_RETURN_TYPE = YES_ERROR;
				GCC_WARN_UNDECLARED_SELECTOR = YES;
				GCC_WARN_UNINITIALIZED_AUTOS = YES_AGGRESSIVE;
				GCC_WARN_UNUSED_FUNCTION = YES;
				GCC_WARN_UNUSED_VARIABLE = YES;
				IPHONEOS_DEPLOYMENT_TARGET = 11.4;
				MTL_ENABLE_DEBUG_INFO = YES;
				ONLY_ACTIVE_ARCH = YES;
				SDKROOT = iphoneos;
				SWIFT_ACTIVE_COMPILATION_CONDITIONS = DEBUG;
				SWIFT_OPTIMIZATION_LEVEL = "-Onone";
			};
			name = Debug;
		};
		6D6E1DF6211AA7F80021D705 /* Release */ = {
			isa = XCBuildConfiguration;
			buildSettings = {
				ALWAYS_SEARCH_USER_PATHS = NO;
				CLANG_ANALYZER_NONNULL = YES;
				CLANG_ANALYZER_NUMBER_OBJECT_CONVERSION = YES_AGGRESSIVE;
				CLANG_CXX_LANGUAGE_STANDARD = "gnu++14";
				CLANG_CXX_LIBRARY = "libc++";
				CLANG_ENABLE_MODULES = YES;
				CLANG_ENABLE_OBJC_ARC = YES;
				CLANG_ENABLE_OBJC_WEAK = YES;
				CLANG_WARN_BLOCK_CAPTURE_AUTORELEASING = YES;
				CLANG_WARN_BOOL_CONVERSION = YES;
				CLANG_WARN_COMMA = YES;
				CLANG_WARN_CONSTANT_CONVERSION = YES;
				CLANG_WARN_DEPRECATED_OBJC_IMPLEMENTATIONS = YES;
				CLANG_WARN_DIRECT_OBJC_ISA_USAGE = YES_ERROR;
				CLANG_WARN_DOCUMENTATION_COMMENTS = YES;
				CLANG_WARN_EMPTY_BODY = YES;
				CLANG_WARN_ENUM_CONVERSION = YES;
				CLANG_WARN_INFINITE_RECURSION = YES;
				CLANG_WARN_INT_CONVERSION = YES;
				CLANG_WARN_NON_LITERAL_NULL_CONVERSION = YES;
				CLANG_WARN_OBJC_IMPLICIT_RETAIN_SELF = YES;
				CLANG_WARN_OBJC_LITERAL_CONVERSION = YES;
				CLANG_WARN_OBJC_ROOT_CLASS = YES_ERROR;
				CLANG_WARN_RANGE_LOOP_ANALYSIS = YES;
				CLANG_WARN_STRICT_PROTOTYPES = YES;
				CLANG_WARN_SUSPICIOUS_MOVE = YES;
				CLANG_WARN_UNGUARDED_AVAILABILITY = YES_AGGRESSIVE;
				CLANG_WARN_UNREACHABLE_CODE = YES;
				CLANG_WARN__DUPLICATE_METHOD_MATCH = YES;
				CODE_SIGN_IDENTITY = "iPhone Developer";
				COPY_PHASE_STRIP = NO;
				DEBUG_INFORMATION_FORMAT = "dwarf-with-dsym";
				ENABLE_NS_ASSERTIONS = NO;
				ENABLE_STRICT_OBJC_MSGSEND = YES;
				GCC_C_LANGUAGE_STANDARD = gnu11;
				GCC_NO_COMMON_BLOCKS = YES;
				GCC_WARN_64_TO_32_BIT_CONVERSION = YES;
				GCC_WARN_ABOUT_RETURN_TYPE = YES_ERROR;
				GCC_WARN_UNDECLARED_SELECTOR = YES;
				GCC_WARN_UNINITIALIZED_AUTOS = YES_AGGRESSIVE;
				GCC_WARN_UNUSED_FUNCTION = YES;
				GCC_WARN_UNUSED_VARIABLE = YES;
				IPHONEOS_DEPLOYMENT_TARGET = 11.4;
				MTL_ENABLE_DEBUG_INFO = NO;
				SDKROOT = iphoneos;
				SWIFT_COMPILATION_MODE = wholemodule;
				SWIFT_OPTIMIZATION_LEVEL = "-O";
				VALIDATE_PRODUCT = YES;
			};
			name = Release;
		};
		6D6E1DF8211AA7F80021D705 /* Debug */ = {
			isa = XCBuildConfiguration;
			buildSettings = {
				ASSETCATALOG_COMPILER_APPICON_NAME = AppIcon;
				CODE_SIGN_STYLE = Automatic;
				DEVELOPMENT_TEAM = 9XZ5R7VS83;
				INFOPLIST_FILE = ContainerViewController/Info.plist;
				LD_RUNPATH_SEARCH_PATHS = (
					"$(inherited)",
					"@executable_path/Frameworks",
				);
				PRODUCT_BUNDLE_IDENTIFIER = com.example.ContainerViewController;
				PRODUCT_NAME = "$(TARGET_NAME)";
				SWIFT_VERSION = 4.0;
				TARGETED_DEVICE_FAMILY = "1,2";
			};
			name = Debug;
		};
		6D6E1DF9211AA7F80021D705 /* Release */ = {
			isa = XCBuildConfiguration;
			buildSettings = {
				ASSETCATALOG_COMPILER_APPICON_NAME = AppIcon;
				CODE_SIGN_STYLE = Automatic;
				DEVELOPMENT_TEAM = 9XZ5R7VS83;
				INFOPLIST_FILE = ContainerViewController/Info.plist;
				LD_RUNPATH_SEARCH_PATHS = (
					"$(inherited)",
					"@executable_path/Frameworks",
				);
				PRODUCT_BUNDLE_IDENTIFIER = com.example.ContainerViewController;
				PRODUCT_NAME = "$(TARGET_NAME)";
				SWIFT_VERSION = 4.0;
				TARGETED_DEVICE_FAMILY = "1,2";
			};
			name = Release;
		};
/* End XCBuildConfiguration section */

/* Begin XCConfigurationList section */
		6D6E1DE0211AA7F60021D705 /* Build configuration list for PBXProject "ContainerViewController" */ = {
			isa = XCConfigurationList;
			buildConfigurations = (
				6D6E1DF5211AA7F80021D705 /* Debug */,
				6D6E1DF6211AA7F80021D705 /* Release */,
			);
			defaultConfigurationIsVisible = 0;
			defaultConfigurationName = Release;
		};
		6D6E1DF7211AA7F80021D705 /* Build configuration list for PBXNativeTarget "ContainerViewController" */ = {
			isa = XCConfigurationList;
			buildConfigurations = (
				6D6E1DF8211AA7F80021D705 /* Debug */,
				6D6E1DF9211AA7F80021D705 /* Release */,
			);
			defaultConfigurationIsVisible = 0;
			defaultConfigurationName = Release;
		};
/* End XCConfigurationList section */
	};
	rootObject = 6D6E1DDD211AA7F60021D705 /* Project object */;
}
